
Microsoft Visual Studio Solution File, Format Version 12.00
# Visual Studio Version 17
VisualStudioVersion = 17.8.34330.188
MinimumVisualStudioVersion = 10.0.40219.1
Project("{FAE04EC0-301F-11D3-BF4B-00C04F79EFBC}") = "EFM.Web", "EFM.Web.csproj", "{6813D42D-5761-4E85-A1F2-3E7D48A259DC}"
EndProject
Project("{FAE04EC0-301F-11D3-BF4B-00C04F79EFBC}") = "EFM.Common", "..\EFM.Common\EFM.Common.csproj", "{E6E7A89E-65F7-4A16-A209-A2629B7E4071}"
EndProject
Project("{FAE04EC0-301F-11D3-BF4B-00C04F79EFBC}") = "EFM.Model", "..\EFM.Model\EFM.Model.csproj", "{7F482123-BEA6-4D84-85DA-83329FA15BF7}"
EndProject
Project("{FAE04EC0-301F-11D3-BF4B-00C04F79EFBC}") = "EFM.Service", "..\EFM.Service\EFM.Service.csproj", "{53690799-8575-4174-919B-32BC2EA6A64E}"
EndProject
Project("{FAE04EC0-301F-11D3-BF4B-00C04F79EFBC}") = "EFM.Repository", "..\EFM.Repository\EFM.Repository.csproj", "{0722B3AD-AB96-45BF-A1C9-1D82DE0E12D6}"
EndProject
Project("{FAE04EC0-301F-11D3-BF4B-00C04F79EFBC}") = "EFM.Test", "..\EFM.Test\EFM.Test.csproj", "{68668DAA-CAD4-4016-834E-AF40432FB70B}"
EndProject
Global
	GlobalSection(SolutionConfigurationPlatforms) = preSolution
		Debug|Any CPU = Debug|Any CPU
		Release|Any CPU = Release|Any CPU
	EndGlobalSection
	GlobalSection(ProjectConfigurationPlatforms) = postSolution
		{6813D42D-5761-4E85-A1F2-3E7D48A259DC}.Debug|Any CPU.ActiveCfg = Debug|Any CPU
		{6813D42D-5761-4E85-A1F2-3E7D48A259DC}.Debug|Any CPU.Build.0 = Debug|Any CPU
		{6813D42D-5761-4E85-A1F2-3E7D48A259DC}.Release|Any CPU.ActiveCfg = Release|Any CPU
		{6813D42D-5761-4E85-A1F2-3E7D48A259DC}.Release|Any CPU.Build.0 = Release|Any CPU
		{E6E7A89E-65F7-4A16-A209-A2629B7E4071}.Debug|Any CPU.ActiveCfg = Debug|Any CPU
		{E6E7A89E-65F7-4A16-A209-A2629B7E4071}.Debug|Any CPU.Build.0 = Debug|Any CPU
		{E6E7A89E-65F7-4A16-A209-A2629B7E4071}.Release|Any CPU.ActiveCfg = Release|Any CPU
		{E6E7A89E-65F7-4A16-A209-A2629B7E4071}.Release|Any CPU.Build.0 = Release|Any CPU
		{7F482123-BEA6-4D84-85DA-83329FA15BF7}.Debug|Any CPU.ActiveCfg = Debug|Any CPU
		{7F482123-BEA6-4D84-85DA-83329FA15BF7}.Debug|Any CPU.Build.0 = Debug|Any CPU
		{7F482123-BEA6-4D84-85DA-83329FA15BF7}.Release|Any CPU.ActiveCfg = Release|Any CPU
		{7F482123-BEA6-4D84-85DA-83329FA15BF7}.Release|Any CPU.Build.0 = Release|Any CPU
		{53690799-8575-4174-919B-32BC2EA6A64E}.Debug|Any CPU.ActiveCfg = Debug|Any CPU
		{53690799-8575-4174-919B-32BC2EA6A64E}.Debug|Any CPU.Build.0 = Debug|Any CPU
		{53690799-8575-4174-919B-32BC2EA6A64E}.Release|Any CPU.ActiveCfg = Release|Any CPU
		{53690799-8575-4174-919B-32BC2EA6A64E}.Release|Any CPU.Build.0 = Release|Any CPU
		{0722B3AD-AB96-45BF-A1C9-1D82DE0E12D6}.Debug|Any CPU.ActiveCfg = Debug|Any CPU
		{0722B3AD-AB96-45BF-A1C9-1D82DE0E12D6}.Debug|Any CPU.Build.0 = Debug|Any CPU
		{0722B3AD-AB96-45BF-A1C9-1D82DE0E12D6}.Release|Any CPU.ActiveCfg = Release|Any CPU
		{0722B3AD-AB96-45BF-A1C9-1D82DE0E12D6}.Release|Any CPU.Build.0 = Release|Any CPU
		{68668DAA-CAD4-4016-834E-AF40432FB70B}.Debug|Any CPU.ActiveCfg = Debug|Any CPU
		{68668DAA-CAD4-4016-834E-AF40432FB70B}.Debug|Any CPU.Build.0 = Debug|Any CPU
		{68668DAA-CAD4-4016-834E-AF40432FB70B}.Release|Any CPU.ActiveCfg = Release|Any CPU
		{68668DAA-CAD4-4016-834E-AF40432FB70B}.Release|Any CPU.Build.0 = Release|Any CPU
	EndGlobalSection
	GlobalSection(SolutionProperties) = preSolution
		HideSolutionNode = FALSE
	EndGlobalSection
	GlobalSection(ExtensibilityGlobals) = postSolution
		SolutionGuid = {E8DEA3CE-4A84-45E6-A1F6-0AA655D439AD}
	EndGlobalSection
EndGlobal
